
Microsoft Visual Studio Solution File, Format Version 12.00
# Visual Studio Version 17
VisualStudioVersion = 17.5.33530.505
MinimumVisualStudioVersion = 10.0.40219.1
Project("{2150E333-8FDC-42A3-9474-1A3956D46DE8}") = "Itens de Solução", "Itens de Solução", "{159E2CBD-E1C6-4F0C-B9BA-CCC661D31866}"
	ProjectSection(SolutionItems) = preProject
		.gitignore = .gitignore
	EndProjectSection
EndProject
Project("{2150E333-8FDC-42A3-9474-1A3956D46DE8}") = "src", "src", "{34AB8DFC-848F-4811-87F4-34BCC2F72305}"
EndProject
Project("{2150E333-8FDC-42A3-9474-1A3956D46DE8}") = "tests", "tests", "{58344059-A440-4739-BF4F-D78FAE0A25F1}"
EndProject
Project("{FAE04EC0-301F-11D3-BF4B-00C04F79EFBC}") = "SiemensEnergy.Library.API", "src\SiemensEnergy.Library.API\SiemensEnergy.Library.API.csproj", "{074DFE45-2A50-4754-B0E1-E9FB4C98B620}"
EndProject
Project("{FAE04EC0-301F-11D3-BF4B-00C04F79EFBC}") = "SiemensEnergy.Library.Application", "src\SiemensEnergy.Library.Application\SiemensEnergy.Library.Application.csproj", "{09B72685-E62F-4975-89BB-1A08E750CE3C}"
EndProject
Project("{FAE04EC0-301F-11D3-BF4B-00C04F79EFBC}") = "SiemensEnergy.Library.Domain", "src\SiemensEnergy.Library.Domain\SiemensEnergy.Library.Domain.csproj", "{CE149AAB-9AB0-4954-A73E-89E6E13E9D24}"
EndProject
Project("{FAE04EC0-301F-11D3-BF4B-00C04F79EFBC}") = "SiemensEnergy.Library.Infrastructure", "src\SiemensEnergy.Library.Infrastructure\SiemensEnergy.Library.Infrastructure.csproj", "{5E4CC442-D2F3-43B7-8BBC-AECE40AEF5A3}"
EndProject
Project("{FAE04EC0-301F-11D3-BF4B-00C04F79EFBC}") = "SiemensEnergy.Library.Application.Tests", "tests\SiemensEnergy.Library.Application.Tests\SiemensEnergy.Library.Application.Tests.csproj", "{40040FA8-FDB1-4199-9318-DFD92C8797CD}"
EndProject
Global
	GlobalSection(SolutionConfigurationPlatforms) = preSolution
		Debug|Any CPU = Debug|Any CPU
		Release|Any CPU = Release|Any CPU
	EndGlobalSection
	GlobalSection(ProjectConfigurationPlatforms) = postSolution
		{074DFE45-2A50-4754-B0E1-E9FB4C98B620}.Debug|Any CPU.ActiveCfg = Debug|Any CPU
		{074DFE45-2A50-4754-B0E1-E9FB4C98B620}.Debug|Any CPU.Build.0 = Debug|Any CPU
		{074DFE45-2A50-4754-B0E1-E9FB4C98B620}.Release|Any CPU.ActiveCfg = Release|Any CPU
		{074DFE45-2A50-4754-B0E1-E9FB4C98B620}.Release|Any CPU.Build.0 = Release|Any CPU
		{09B72685-E62F-4975-89BB-1A08E750CE3C}.Debug|Any CPU.ActiveCfg = Debug|Any CPU
		{09B72685-E62F-4975-89BB-1A08E750CE3C}.Debug|Any CPU.Build.0 = Debug|Any CPU
		{09B72685-E62F-4975-89BB-1A08E750CE3C}.Release|Any CPU.ActiveCfg = Release|Any CPU
		{09B72685-E62F-4975-89BB-1A08E750CE3C}.Release|Any CPU.Build.0 = Release|Any CPU
		{CE149AAB-9AB0-4954-A73E-89E6E13E9D24}.Debug|Any CPU.ActiveCfg = Debug|Any CPU
		{CE149AAB-9AB0-4954-A73E-89E6E13E9D24}.Debug|Any CPU.Build.0 = Debug|Any CPU
		{CE149AAB-9AB0-4954-A73E-89E6E13E9D24}.Release|Any CPU.ActiveCfg = Release|Any CPU
		{CE149AAB-9AB0-4954-A73E-89E6E13E9D24}.Release|Any CPU.Build.0 = Release|Any CPU
		{5E4CC442-D2F3-43B7-8BBC-AECE40AEF5A3}.Debug|Any CPU.ActiveCfg = Debug|Any CPU
		{5E4CC442-D2F3-43B7-8BBC-AECE40AEF5A3}.Debug|Any CPU.Build.0 = Debug|Any CPU
		{5E4CC442-D2F3-43B7-8BBC-AECE40AEF5A3}.Release|Any CPU.ActiveCfg = Release|Any CPU
		{5E4CC442-D2F3-43B7-8BBC-AECE40AEF5A3}.Release|Any CPU.Build.0 = Release|Any CPU
		{40040FA8-FDB1-4199-9318-DFD92C8797CD}.Debug|Any CPU.ActiveCfg = Debug|Any CPU
		{40040FA8-FDB1-4199-9318-DFD92C8797CD}.Debug|Any CPU.Build.0 = Debug|Any CPU
		{40040FA8-FDB1-4199-9318-DFD92C8797CD}.Release|Any CPU.ActiveCfg = Release|Any CPU
		{40040FA8-FDB1-4199-9318-DFD92C8797CD}.Release|Any CPU.Build.0 = Release|Any CPU
	EndGlobalSection
	GlobalSection(SolutionProperties) = preSolution
		HideSolutionNode = FALSE
	EndGlobalSection
	GlobalSection(NestedProjects) = preSolution
		{074DFE45-2A50-4754-B0E1-E9FB4C98B620} = {34AB8DFC-848F-4811-87F4-34BCC2F72305}
		{09B72685-E62F-4975-89BB-1A08E750CE3C} = {34AB8DFC-848F-4811-87F4-34BCC2F72305}
		{CE149AAB-9AB0-4954-A73E-89E6E13E9D24} = {34AB8DFC-848F-4811-87F4-34BCC2F72305}
		{5E4CC442-D2F3-43B7-8BBC-AECE40AEF5A3} = {34AB8DFC-848F-4811-87F4-34BCC2F72305}
		{40040FA8-FDB1-4199-9318-DFD92C8797CD} = {58344059-A440-4739-BF4F-D78FAE0A25F1}
	EndGlobalSection
	GlobalSection(ExtensibilityGlobals) = postSolution
		SolutionGuid = {DD5CE060-83B2-4AFC-9375-835616C4395E}
	EndGlobalSection
EndGlobal
